
Microsoft Visual Studio Solution File, Format Version 12.00
# Visual Studio Version 17
VisualStudioVersion = 17.6.33829.357
MinimumVisualStudioVersion = 10.0.40219.1
Project("{FAE04EC0-301F-11D3-BF4B-00C04F79EFBC}") = "add-video-to-youtube-playlist", "add-video-to-youtube-playlist.csproj", "{2717E0C2-5B05-4DC0-9B15-B5F31BDDEA56}"
EndProject
Global
	GlobalSection(SolutionConfigurationPlatforms) = preSolution
		Debug|Any CPU = Debug|Any CPU
		Release|Any CPU = Release|Any CPU
	EndGlobalSection
	GlobalSection(ProjectConfigurationPlatforms) = postSolution
		{2717E0C2-5B05-4DC0-9B15-B5F31BDDEA56}.Debug|Any CPU.ActiveCfg = Debug|Any CPU
		{2717E0C2-5B05-4DC0-9B15-B5F31BDDEA56}.Debug|Any CPU.Build.0 = Debug|Any CPU
		{2717E0C2-5B05-4DC0-9B15-B5F31BDDEA56}.Release|Any CPU.ActiveCfg = Release|Any CPU
		{2717E0C2-5B05-4DC0-9B15-B5F31BDDEA56}.Release|Any CPU.Build.0 = Release|Any CPU
	EndGlobalSection
	GlobalSection(SolutionProperties) = preSolution
		HideSolutionNode = FALSE
	EndGlobalSection
	GlobalSection(ExtensibilityGlobals) = postSolution
		SolutionGuid = {263DF6B2-10B5-4FB7-89D2-FA8C682DEABD}
	EndGlobalSection
EndGlobal
